
Microsoft Visual Studio Solution File, Format Version 12.00
# Visual Studio Version 17
VisualStudioVersion = 17.0.31903.59
MinimumVisualStudioVersion = 10.0.40219.1
Project("{2150E333-8FDC-42A3-9474-1A3956D46DE8}") = "src", "src", "{0D932611-902A-4082-8180-B4C49025EAA4}"
EndProject
Project("{9A19103F-16F7-4668-BE54-9A1E7A4F7556}") = "PunishmentOrg.Api.Core", "src\PunishmentOrg.Api.Core\PunishmentOrg.Api.Core.csproj", "{61120161-CB61-463D-B840-8B76F6BA4DB4}"
EndProject
Project("{9A19103F-16F7-4668-BE54-9A1E7A4F7556}") = "PunishmentOrg.DataAccess", "src\PunishmentOrg.DataAccess\PunishmentOrg.DataAccess.csproj", "{5E506DAC-FE5F-47B1-8CD9-7F6FCAB9DFAA}"
EndProject
Project("{9A19103F-16F7-4668-BE54-9A1E7A4F7556}") = "PunishmentOrg.ServiceModels", "PunishmentOrg.ServiceModels\PunishmentOrg.ServiceModels.csproj", "{0A8EB6F9-1277-4809-973C-D6309C61E652}"
EndProject
Project("{2150E333-8FDC-42A3-9474-1A3956D46DE8}") = "DataModel", "DataModel", "{0EC94908-0C76-4B66-8581-74A97702468B}"
EndProject
Project("{9A19103F-16F7-4668-BE54-9A1E7A4F7556}") = "DataModel.PunishmentOrg", "src\DataModel\DataModel.PunishmentOrg\DataModel.PunishmentOrg.csproj", "{19ECD659-1DD8-4605-93BC-CEAF4F5DE88C}"
EndProject
Project("{9A19103F-16F7-4668-BE54-9A1E7A4F7556}") = "Oracle.DbContext", "src\DataModel\Oracle.DbContext\Oracle.DbContext.csproj", "{D653E5D6-5DA4-4F65-9089-7432AA814714}"
EndProject
Project("{9A19103F-16F7-4668-BE54-9A1E7A4F7556}") = "DataModel", "src\DataModel\DataModel\DataModel.csproj", "{B2E713F1-8C3B-445E-B313-95377C921390}"
EndProject
Project("{9A19103F-16F7-4668-BE54-9A1E7A4F7556}") = "DataModel.BaseInfo", "src\DataModel\DataModel.BaseInfo\DataModel.BaseInfo.csproj", "{10BFEB23-9F83-497B-8E3E-A7945A4849C3}"
EndProject
Project("{9A19103F-16F7-4668-BE54-9A1E7A4F7556}") = "PunishmentOrg.Domain", "src\PunishmentOrg.Api.Domain\PunishmentOrg.Domain\PunishmentOrg.Domain.csproj", "{96C0EEE9-AA08-4762-8A2D-3DCCA8B43CB5}"
EndProject
Project("{2150E333-8FDC-42A3-9474-1A3956D46DE8}") = "ServiceModel", "ServiceModel", "{4836AB3B-A0B2-423C-BF9A-BCEC862848BD}"
EndProject
Project("{9A19103F-16F7-4668-BE54-9A1E7A4F7556}") = "ServiceModel.PunishmentOrg", "PunishmentOrg.ServiceModel\ServiceModel.PunishmentOrg.csproj", "{A4BF6E6F-2284-43D6-A255-E9F9B699061A}"
EndProject
Project("{2150E333-8FDC-42A3-9474-1A3956D46DE8}") = "Resources", "Resources", "{28555E5B-450D-4D2F-AC25-457D9CFEBDEB}"
EndProject
Project("{9A19103F-16F7-4668-BE54-9A1E7A4F7556}") = "Resources.PunishmentOrg", "Resources.PunishmentOrg\Resources.PunishmentOrg.csproj", "{1B95930B-A508-42FF-AE68-A1AA3777B990}"
EndProject
Project("{2150E333-8FDC-42A3-9474-1A3956D46DE8}") = "Utilities", "Utilities", "{7CE599F6-EB99-4A75-8801-CBEE545BF8BD}"
EndProject
Project("{9A19103F-16F7-4668-BE54-9A1E7A4F7556}") = "Utility", "Utility\Utility.csproj", "{EF2EBC2D-D1E6-41A1-86D5-3C8BDF062E3E}"
EndProject
Project("{9A19103F-16F7-4668-BE54-9A1E7A4F7556}") = "ServiceModel.Commons", "ServiceModel.Commons\ServiceModel.Commons.csproj", "{C3CEB631-AE9D-4AB3-AE26-E7B505BE8615}"
EndProject
Project("{2150E333-8FDC-42A3-9474-1A3956D46DE8}") = "Validations", "Validations", "{B4996021-D08D-4F6D-A872-0162A94A332E}"
EndProject
Project("{9A19103F-16F7-4668-BE54-9A1E7A4F7556}") = "Validations.Commons", "Validations.Commons\Validations.Commons.csproj", "{C15B2723-25A9-43BA-AF2C-7A436D7C3515}"
EndProject
Project("{FAE04EC0-301F-11D3-BF4B-00C04F79EFBC}") = "ServiceModel.Constants", "ServiceModel.Constants\ServiceModel.Constants.csproj", "{5FB64A67-BF6A-4BA4-824B-49CEDB473003}"
EndProject
Global
	GlobalSection(SolutionConfigurationPlatforms) = preSolution
		Debug|Any CPU = Debug|Any CPU
		Release|Any CPU = Release|Any CPU
	EndGlobalSection
	GlobalSection(ProjectConfigurationPlatforms) = postSolution
		{61120161-CB61-463D-B840-8B76F6BA4DB4}.Debug|Any CPU.ActiveCfg = Debug|Any CPU
		{61120161-CB61-463D-B840-8B76F6BA4DB4}.Debug|Any CPU.Build.0 = Debug|Any CPU
		{61120161-CB61-463D-B840-8B76F6BA4DB4}.Release|Any CPU.ActiveCfg = Release|Any CPU
		{61120161-CB61-463D-B840-8B76F6BA4DB4}.Release|Any CPU.Build.0 = Release|Any CPU
		{5E506DAC-FE5F-47B1-8CD9-7F6FCAB9DFAA}.Debug|Any CPU.ActiveCfg = Debug|Any CPU
		{5E506DAC-FE5F-47B1-8CD9-7F6FCAB9DFAA}.Debug|Any CPU.Build.0 = Debug|Any CPU
		{5E506DAC-FE5F-47B1-8CD9-7F6FCAB9DFAA}.Release|Any CPU.ActiveCfg = Release|Any CPU
		{5E506DAC-FE5F-47B1-8CD9-7F6FCAB9DFAA}.Release|Any CPU.Build.0 = Release|Any CPU
		{0A8EB6F9-1277-4809-973C-D6309C61E652}.Debug|Any CPU.ActiveCfg = Debug|Any CPU
		{0A8EB6F9-1277-4809-973C-D6309C61E652}.Debug|Any CPU.Build.0 = Debug|Any CPU
		{0A8EB6F9-1277-4809-973C-D6309C61E652}.Release|Any CPU.ActiveCfg = Release|Any CPU
		{0A8EB6F9-1277-4809-973C-D6309C61E652}.Release|Any CPU.Build.0 = Release|Any CPU
		{19ECD659-1DD8-4605-93BC-CEAF4F5DE88C}.Debug|Any CPU.ActiveCfg = Debug|Any CPU
		{19ECD659-1DD8-4605-93BC-CEAF4F5DE88C}.Debug|Any CPU.Build.0 = Debug|Any CPU
		{19ECD659-1DD8-4605-93BC-CEAF4F5DE88C}.Release|Any CPU.ActiveCfg = Release|Any CPU
		{19ECD659-1DD8-4605-93BC-CEAF4F5DE88C}.Release|Any CPU.Build.0 = Release|Any CPU
		{D653E5D6-5DA4-4F65-9089-7432AA814714}.Debug|Any CPU.ActiveCfg = Debug|Any CPU
		{D653E5D6-5DA4-4F65-9089-7432AA814714}.Debug|Any CPU.Build.0 = Debug|Any CPU
		{D653E5D6-5DA4-4F65-9089-7432AA814714}.Release|Any CPU.ActiveCfg = Release|Any CPU
		{D653E5D6-5DA4-4F65-9089-7432AA814714}.Release|Any CPU.Build.0 = Release|Any CPU
		{B2E713F1-8C3B-445E-B313-95377C921390}.Debug|Any CPU.ActiveCfg = Debug|Any CPU
		{B2E713F1-8C3B-445E-B313-95377C921390}.Debug|Any CPU.Build.0 = Debug|Any CPU
		{B2E713F1-8C3B-445E-B313-95377C921390}.Release|Any CPU.ActiveCfg = Release|Any CPU
		{B2E713F1-8C3B-445E-B313-95377C921390}.Release|Any CPU.Build.0 = Release|Any CPU
		{10BFEB23-9F83-497B-8E3E-A7945A4849C3}.Debug|Any CPU.ActiveCfg = Debug|Any CPU
		{10BFEB23-9F83-497B-8E3E-A7945A4849C3}.Debug|Any CPU.Build.0 = Debug|Any CPU
		{10BFEB23-9F83-497B-8E3E-A7945A4849C3}.Release|Any CPU.ActiveCfg = Release|Any CPU
		{10BFEB23-9F83-497B-8E3E-A7945A4849C3}.Release|Any CPU.Build.0 = Release|Any CPU
		{96C0EEE9-AA08-4762-8A2D-3DCCA8B43CB5}.Debug|Any CPU.ActiveCfg = Debug|Any CPU
		{96C0EEE9-AA08-4762-8A2D-3DCCA8B43CB5}.Debug|Any CPU.Build.0 = Debug|Any CPU
		{96C0EEE9-AA08-4762-8A2D-3DCCA8B43CB5}.Release|Any CPU.ActiveCfg = Release|Any CPU
		{96C0EEE9-AA08-4762-8A2D-3DCCA8B43CB5}.Release|Any CPU.Build.0 = Release|Any CPU
		{A4BF6E6F-2284-43D6-A255-E9F9B699061A}.Debug|Any CPU.ActiveCfg = Debug|Any CPU
		{A4BF6E6F-2284-43D6-A255-E9F9B699061A}.Debug|Any CPU.Build.0 = Debug|Any CPU
		{A4BF6E6F-2284-43D6-A255-E9F9B699061A}.Release|Any CPU.ActiveCfg = Release|Any CPU
		{A4BF6E6F-2284-43D6-A255-E9F9B699061A}.Release|Any CPU.Build.0 = Release|Any CPU
		{1B95930B-A508-42FF-AE68-A1AA3777B990}.Debug|Any CPU.ActiveCfg = Debug|Any CPU
		{1B95930B-A508-42FF-AE68-A1AA3777B990}.Debug|Any CPU.Build.0 = Debug|Any CPU
		{1B95930B-A508-42FF-AE68-A1AA3777B990}.Release|Any CPU.ActiveCfg = Release|Any CPU
		{1B95930B-A508-42FF-AE68-A1AA3777B990}.Release|Any CPU.Build.0 = Release|Any CPU
		{EF2EBC2D-D1E6-41A1-86D5-3C8BDF062E3E}.Debug|Any CPU.ActiveCfg = Debug|Any CPU
		{EF2EBC2D-D1E6-41A1-86D5-3C8BDF062E3E}.Debug|Any CPU.Build.0 = Debug|Any CPU
		{EF2EBC2D-D1E6-41A1-86D5-3C8BDF062E3E}.Release|Any CPU.ActiveCfg = Release|Any CPU
		{EF2EBC2D-D1E6-41A1-86D5-3C8BDF062E3E}.Release|Any CPU.Build.0 = Release|Any CPU
		{C3CEB631-AE9D-4AB3-AE26-E7B505BE8615}.Debug|Any CPU.ActiveCfg = Debug|Any CPU
		{C3CEB631-AE9D-4AB3-AE26-E7B505BE8615}.Debug|Any CPU.Build.0 = Debug|Any CPU
		{C3CEB631-AE9D-4AB3-AE26-E7B505BE8615}.Release|Any CPU.ActiveCfg = Release|Any CPU
		{C3CEB631-AE9D-4AB3-AE26-E7B505BE8615}.Release|Any CPU.Build.0 = Release|Any CPU
		{C15B2723-25A9-43BA-AF2C-7A436D7C3515}.Debug|Any CPU.ActiveCfg = Debug|Any CPU
		{C15B2723-25A9-43BA-AF2C-7A436D7C3515}.Debug|Any CPU.Build.0 = Debug|Any CPU
		{C15B2723-25A9-43BA-AF2C-7A436D7C3515}.Release|Any CPU.ActiveCfg = Release|Any CPU
		{C15B2723-25A9-43BA-AF2C-7A436D7C3515}.Release|Any CPU.Build.0 = Release|Any CPU
		{5FB64A67-BF6A-4BA4-824B-49CEDB473003}.Debug|Any CPU.ActiveCfg = Debug|Any CPU
		{5FB64A67-BF6A-4BA4-824B-49CEDB473003}.Debug|Any CPU.Build.0 = Debug|Any CPU
		{5FB64A67-BF6A-4BA4-824B-49CEDB473003}.Release|Any CPU.ActiveCfg = Release|Any CPU
		{5FB64A67-BF6A-4BA4-824B-49CEDB473003}.Release|Any CPU.Build.0 = Release|Any CPU
	EndGlobalSection
	GlobalSection(SolutionProperties) = preSolution
		HideSolutionNode = FALSE
	EndGlobalSection
	GlobalSection(NestedProjects) = preSolution
		{61120161-CB61-463D-B840-8B76F6BA4DB4} = {0D932611-902A-4082-8180-B4C49025EAA4}
		{5E506DAC-FE5F-47B1-8CD9-7F6FCAB9DFAA} = {0D932611-902A-4082-8180-B4C49025EAA4}
		{0A8EB6F9-1277-4809-973C-D6309C61E652} = {0D932611-902A-4082-8180-B4C49025EAA4}
		{0EC94908-0C76-4B66-8581-74A97702468B} = {0D932611-902A-4082-8180-B4C49025EAA4}
		{19ECD659-1DD8-4605-93BC-CEAF4F5DE88C} = {0EC94908-0C76-4B66-8581-74A97702468B}
		{D653E5D6-5DA4-4F65-9089-7432AA814714} = {0EC94908-0C76-4B66-8581-74A97702468B}
		{B2E713F1-8C3B-445E-B313-95377C921390} = {0EC94908-0C76-4B66-8581-74A97702468B}
		{10BFEB23-9F83-497B-8E3E-A7945A4849C3} = {0EC94908-0C76-4B66-8581-74A97702468B}
		{96C0EEE9-AA08-4762-8A2D-3DCCA8B43CB5} = {0D932611-902A-4082-8180-B4C49025EAA4}
		{4836AB3B-A0B2-423C-BF9A-BCEC862848BD} = {0D932611-902A-4082-8180-B4C49025EAA4}
		{A4BF6E6F-2284-43D6-A255-E9F9B699061A} = {4836AB3B-A0B2-423C-BF9A-BCEC862848BD}
		{28555E5B-450D-4D2F-AC25-457D9CFEBDEB} = {0D932611-902A-4082-8180-B4C49025EAA4}
		{1B95930B-A508-42FF-AE68-A1AA3777B990} = {28555E5B-450D-4D2F-AC25-457D9CFEBDEB}
		{7CE599F6-EB99-4A75-8801-CBEE545BF8BD} = {0D932611-902A-4082-8180-B4C49025EAA4}
		{EF2EBC2D-D1E6-41A1-86D5-3C8BDF062E3E} = {7CE599F6-EB99-4A75-8801-CBEE545BF8BD}
		{C3CEB631-AE9D-4AB3-AE26-E7B505BE8615} = {4836AB3B-A0B2-423C-BF9A-BCEC862848BD}
		{B4996021-D08D-4F6D-A872-0162A94A332E} = {0D932611-902A-4082-8180-B4C49025EAA4}
		{C15B2723-25A9-43BA-AF2C-7A436D7C3515} = {B4996021-D08D-4F6D-A872-0162A94A332E}
		{5FB64A67-BF6A-4BA4-824B-49CEDB473003} = {4836AB3B-A0B2-423C-BF9A-BCEC862848BD}
	EndGlobalSection
	GlobalSection(ExtensibilityGlobals) = postSolution
		SolutionGuid = {8CC95B07-6C72-475D-9332-5EC60C981FED}
	EndGlobalSection
EndGlobal
