
Microsoft Visual Studio Solution File, Format Version 12.00
# Visual Studio Version 17
VisualStudioVersion = 17.0.31903.59
MinimumVisualStudioVersion = 10.0.40219.1
Project("{2150E333-8FDC-42A3-9474-1A3956D46DE8}") = "src", "src", "{0D932611-902A-4082-8180-B4C49025EAA4}"
EndProject
Project("{9A19103F-16F7-4668-BE54-9A1E7A4F7556}") = "PunishmentOrg.Api.Core", "src\PunishmentOrg.Api.Core\PunishmentOrg.Api.Core.csproj", "{61120161-CB61-463D-B840-8B76F6BA4DB4}"
EndProject
Project("{2150E333-8FDC-42A3-9474-1A3956D46DE8}") = "DataModel", "DataModel", "{0EC94908-0C76-4B66-8581-74A97702468B}"
EndProject
Project("{9A19103F-16F7-4668-BE54-9A1E7A4F7556}") = "Anu.PunishmentOrg.DataModel", "src\DataModel\DataModel.PunishmentOrg\Anu.PunishmentOrg.DataModel.csproj", "{19ECD659-1DD8-4605-93BC-CEAF4F5DE88C}"
EndProject
Project("{9A19103F-16F7-4668-BE54-9A1E7A4F7556}") = "Anu.Oracle.DbContext", "src\DataModel\Oracle.DbContext\Anu.Oracle.DbContext.csproj", "{D653E5D6-5DA4-4F65-9089-7432AA814714}"
EndProject
Project("{9A19103F-16F7-4668-BE54-9A1E7A4F7556}") = "Anu.DataModel", "src\DataModel\DataModel\Anu.DataModel.csproj", "{B2E713F1-8C3B-445E-B313-95377C921390}"
EndProject
Project("{9A19103F-16F7-4668-BE54-9A1E7A4F7556}") = "Anu.BaseInfo.DataModel", "src\DataModel\DataModel.BaseInfo\Anu.BaseInfo.DataModel.csproj", "{10BFEB23-9F83-497B-8E3E-A7945A4849C3}"
EndProject
Project("{2150E333-8FDC-42A3-9474-1A3956D46DE8}") = "ServiceModel", "ServiceModel", "{4836AB3B-A0B2-423C-BF9A-BCEC862848BD}"
EndProject
Project("{2150E333-8FDC-42A3-9474-1A3956D46DE8}") = "Utilities", "Utilities", "{7CE599F6-EB99-4A75-8801-CBEE545BF8BD}"
EndProject
Project("{2150E333-8FDC-42A3-9474-1A3956D46DE8}") = "Validations", "Validations", "{B4996021-D08D-4F6D-A872-0162A94A332E}"
EndProject
Project("{2150E333-8FDC-42A3-9474-1A3956D46DE8}") = "Resources", "Resources", "{E4B8E352-8BE6-4B63-AAD2-5D174A91EA81}"
EndProject
Project("{9A19103F-16F7-4668-BE54-9A1E7A4F7556}") = "Anu.PunishmentOrg.Resources", "src\Resources\Resources.PunishmentOrg\Anu.PunishmentOrg.Resources.csproj", "{18034933-87AB-4187-AA4B-945176904DAC}"
EndProject
Project("{9A19103F-16F7-4668-BE54-9A1E7A4F7556}") = "Anu.Commons.ServiceModel", "src\ServiceModel\ServiceModel.Commons\Anu.Commons.ServiceModel.csproj", "{96476E1F-E2FA-4068-8935-19030747D41C}"
EndProject
Project("{9A19103F-16F7-4668-BE54-9A1E7A4F7556}") = "Anu.Constants.ServiceModel", "src\ServiceModel\ServiceModel.Constants\Anu.Constants.ServiceModel.csproj", "{82E6055E-B8E9-4B0A-9E42-D38A664650AC}"
EndProject
Project("{9A19103F-16F7-4668-BE54-9A1E7A4F7556}") = "Anu.PunishmentOrg.ServiceModel", "src\ServiceModel\ServiceModel.PunishmentOrg\Anu.PunishmentOrg.ServiceModel.csproj", "{26D5B65E-C5A8-4596-AB9D-766F3A5A2DAA}"
EndProject
Project("{9A19103F-16F7-4668-BE54-9A1E7A4F7556}") = "Anu.Utility", "src\Utility\Utility\Anu.Utility.csproj", "{AB57AA4B-0DE8-47A1-B3FF-81279D96D916}"
EndProject
Project("{9A19103F-16F7-4668-BE54-9A1E7A4F7556}") = "Anu.Commons.Validation", "src\Validations\Validations.Commons\Anu.Commons.Validation.csproj", "{34EA8AD4-E809-4988-A809-FCC42D247A5F}"
EndProject
Project("{9A19103F-16F7-4668-BE54-9A1E7A4F7556}") = "Anu.PunishmentOrg.Validation", "src\Validations\Validations.PunishmentOrg\Anu.PunishmentOrg.Validation.csproj", "{6D7879B5-048E-4232-80EF-CAC47168081E}"
EndProject
Project("{2150E333-8FDC-42A3-9474-1A3956D46DE8}") = "Domain", "Domain", "{80779F5F-1855-4017-BC1B-F63540DA487E}"
EndProject
Project("{FAE04EC0-301F-11D3-BF4B-00C04F79EFBC}") = "Anu.Domain", "src\Domain\Anu.Domain\Anu.Domain.csproj", "{E79653A8-8E8F-43D6-A18B-F7988596FF6D}"
EndProject
Project("{FAE04EC0-301F-11D3-BF4B-00C04F79EFBC}") = "Anu.BaseInfo.Domain", "src\Domain\Anu.BaseInfo.Domain\Anu.BaseInfo.Domain.csproj", "{1D8C8D4A-1CB2-4333-848E-B919CACA1DDC}"
EndProject
Project("{2150E333-8FDC-42A3-9474-1A3956D46DE8}") = "DataAccess", "DataAccess", "{2375CE08-8840-400C-86E2-077381D4D269}"
EndProject
Project("{FAE04EC0-301F-11D3-BF4B-00C04F79EFBC}") = "Anu.DataAccess", "src\DataAccess\Anu.DataAccess\Anu.DataAccess.csproj", "{E13949CA-CE40-453D-B2E8-690DED52E9EC}"
EndProject
Project("{FAE04EC0-301F-11D3-BF4B-00C04F79EFBC}") = "Anu.BaseInfo.DataAccess", "src\DataAccess\Anu.BaseInfo.DataAccess\Anu.BaseInfo.DataAccess.csproj", "{C9DC8B23-51F5-454C-A69E-C8FB9547C3AD}"
EndProject
Project("{FAE04EC0-301F-11D3-BF4B-00C04F79EFBC}") = "Anu.PunishmentOrg.DataAccess", "src\DataAccess\Anu.PunishmentOrg.DataAccess\Anu.PunishmentOrg.DataAccess.csproj", "{8765DF18-7CC2-4F69-89DD-C191AA93C3B2}"
EndProject
Project("{FAE04EC0-301F-11D3-BF4B-00C04F79EFBC}") = "Anu.UnitOfWork.DataAccess", "src\DataAccess\Anu.UnitOfWork.DataAccess\Anu.UnitOfWork.DataAccess.csproj", "{C39D92D1-18D6-4A45-919C-7591D43F9F57}"
EndProject
Project("{FAE04EC0-301F-11D3-BF4B-00C04F79EFBC}") = "Anu.PunishmentOrg.Domain", "src\Domain\Anu.PunishmentOrg.Domain\Anu.PunishmentOrg.Domain.csproj", "{A17A4C1C-27C4-4F12-8173-5461A5024F4B}"
EndProject
Global
	GlobalSection(SolutionConfigurationPlatforms) = preSolution
		Debug|Any CPU = Debug|Any CPU
		Release|Any CPU = Release|Any CPU
	EndGlobalSection
	GlobalSection(ProjectConfigurationPlatforms) = postSolution
		{61120161-CB61-463D-B840-8B76F6BA4DB4}.Debug|Any CPU.ActiveCfg = Debug|Any CPU
		{61120161-CB61-463D-B840-8B76F6BA4DB4}.Debug|Any CPU.Build.0 = Debug|Any CPU
		{61120161-CB61-463D-B840-8B76F6BA4DB4}.Release|Any CPU.ActiveCfg = Release|Any CPU
		{61120161-CB61-463D-B840-8B76F6BA4DB4}.Release|Any CPU.Build.0 = Release|Any CPU
		{19ECD659-1DD8-4605-93BC-CEAF4F5DE88C}.Debug|Any CPU.ActiveCfg = Debug|Any CPU
		{19ECD659-1DD8-4605-93BC-CEAF4F5DE88C}.Debug|Any CPU.Build.0 = Debug|Any CPU
		{19ECD659-1DD8-4605-93BC-CEAF4F5DE88C}.Release|Any CPU.ActiveCfg = Release|Any CPU
		{19ECD659-1DD8-4605-93BC-CEAF4F5DE88C}.Release|Any CPU.Build.0 = Release|Any CPU
		{D653E5D6-5DA4-4F65-9089-7432AA814714}.Debug|Any CPU.ActiveCfg = Debug|Any CPU
		{D653E5D6-5DA4-4F65-9089-7432AA814714}.Debug|Any CPU.Build.0 = Debug|Any CPU
		{D653E5D6-5DA4-4F65-9089-7432AA814714}.Release|Any CPU.ActiveCfg = Release|Any CPU
		{D653E5D6-5DA4-4F65-9089-7432AA814714}.Release|Any CPU.Build.0 = Release|Any CPU
		{B2E713F1-8C3B-445E-B313-95377C921390}.Debug|Any CPU.ActiveCfg = Debug|Any CPU
		{B2E713F1-8C3B-445E-B313-95377C921390}.Debug|Any CPU.Build.0 = Debug|Any CPU
		{B2E713F1-8C3B-445E-B313-95377C921390}.Release|Any CPU.ActiveCfg = Release|Any CPU
		{B2E713F1-8C3B-445E-B313-95377C921390}.Release|Any CPU.Build.0 = Release|Any CPU
		{10BFEB23-9F83-497B-8E3E-A7945A4849C3}.Debug|Any CPU.ActiveCfg = Debug|Any CPU
		{10BFEB23-9F83-497B-8E3E-A7945A4849C3}.Debug|Any CPU.Build.0 = Debug|Any CPU
		{10BFEB23-9F83-497B-8E3E-A7945A4849C3}.Release|Any CPU.ActiveCfg = Release|Any CPU
		{10BFEB23-9F83-497B-8E3E-A7945A4849C3}.Release|Any CPU.Build.0 = Release|Any CPU
		{18034933-87AB-4187-AA4B-945176904DAC}.Debug|Any CPU.ActiveCfg = Debug|Any CPU
		{18034933-87AB-4187-AA4B-945176904DAC}.Debug|Any CPU.Build.0 = Debug|Any CPU
		{18034933-87AB-4187-AA4B-945176904DAC}.Release|Any CPU.ActiveCfg = Release|Any CPU
		{18034933-87AB-4187-AA4B-945176904DAC}.Release|Any CPU.Build.0 = Release|Any CPU
		{96476E1F-E2FA-4068-8935-19030747D41C}.Debug|Any CPU.ActiveCfg = Debug|Any CPU
		{96476E1F-E2FA-4068-8935-19030747D41C}.Debug|Any CPU.Build.0 = Debug|Any CPU
		{96476E1F-E2FA-4068-8935-19030747D41C}.Release|Any CPU.ActiveCfg = Release|Any CPU
		{96476E1F-E2FA-4068-8935-19030747D41C}.Release|Any CPU.Build.0 = Release|Any CPU
		{82E6055E-B8E9-4B0A-9E42-D38A664650AC}.Debug|Any CPU.ActiveCfg = Debug|Any CPU
		{82E6055E-B8E9-4B0A-9E42-D38A664650AC}.Debug|Any CPU.Build.0 = Debug|Any CPU
		{82E6055E-B8E9-4B0A-9E42-D38A664650AC}.Release|Any CPU.ActiveCfg = Release|Any CPU
		{82E6055E-B8E9-4B0A-9E42-D38A664650AC}.Release|Any CPU.Build.0 = Release|Any CPU
		{26D5B65E-C5A8-4596-AB9D-766F3A5A2DAA}.Debug|Any CPU.ActiveCfg = Debug|Any CPU
		{26D5B65E-C5A8-4596-AB9D-766F3A5A2DAA}.Debug|Any CPU.Build.0 = Debug|Any CPU
		{26D5B65E-C5A8-4596-AB9D-766F3A5A2DAA}.Release|Any CPU.ActiveCfg = Release|Any CPU
		{26D5B65E-C5A8-4596-AB9D-766F3A5A2DAA}.Release|Any CPU.Build.0 = Release|Any CPU
		{AB57AA4B-0DE8-47A1-B3FF-81279D96D916}.Debug|Any CPU.ActiveCfg = Debug|Any CPU
		{AB57AA4B-0DE8-47A1-B3FF-81279D96D916}.Debug|Any CPU.Build.0 = Debug|Any CPU
		{AB57AA4B-0DE8-47A1-B3FF-81279D96D916}.Release|Any CPU.ActiveCfg = Release|Any CPU
		{AB57AA4B-0DE8-47A1-B3FF-81279D96D916}.Release|Any CPU.Build.0 = Release|Any CPU
		{34EA8AD4-E809-4988-A809-FCC42D247A5F}.Debug|Any CPU.ActiveCfg = Debug|Any CPU
		{34EA8AD4-E809-4988-A809-FCC42D247A5F}.Debug|Any CPU.Build.0 = Debug|Any CPU
		{34EA8AD4-E809-4988-A809-FCC42D247A5F}.Release|Any CPU.ActiveCfg = Release|Any CPU
		{34EA8AD4-E809-4988-A809-FCC42D247A5F}.Release|Any CPU.Build.0 = Release|Any CPU
		{6D7879B5-048E-4232-80EF-CAC47168081E}.Debug|Any CPU.ActiveCfg = Debug|Any CPU
		{6D7879B5-048E-4232-80EF-CAC47168081E}.Debug|Any CPU.Build.0 = Debug|Any CPU
		{6D7879B5-048E-4232-80EF-CAC47168081E}.Release|Any CPU.ActiveCfg = Release|Any CPU
		{6D7879B5-048E-4232-80EF-CAC47168081E}.Release|Any CPU.Build.0 = Release|Any CPU
		{E79653A8-8E8F-43D6-A18B-F7988596FF6D}.Debug|Any CPU.ActiveCfg = Debug|Any CPU
		{E79653A8-8E8F-43D6-A18B-F7988596FF6D}.Debug|Any CPU.Build.0 = Debug|Any CPU
		{E79653A8-8E8F-43D6-A18B-F7988596FF6D}.Release|Any CPU.ActiveCfg = Release|Any CPU
		{E79653A8-8E8F-43D6-A18B-F7988596FF6D}.Release|Any CPU.Build.0 = Release|Any CPU
		{1D8C8D4A-1CB2-4333-848E-B919CACA1DDC}.Debug|Any CPU.ActiveCfg = Debug|Any CPU
		{1D8C8D4A-1CB2-4333-848E-B919CACA1DDC}.Debug|Any CPU.Build.0 = Debug|Any CPU
		{1D8C8D4A-1CB2-4333-848E-B919CACA1DDC}.Release|Any CPU.ActiveCfg = Release|Any CPU
		{1D8C8D4A-1CB2-4333-848E-B919CACA1DDC}.Release|Any CPU.Build.0 = Release|Any CPU
		{E13949CA-CE40-453D-B2E8-690DED52E9EC}.Debug|Any CPU.ActiveCfg = Debug|Any CPU
		{E13949CA-CE40-453D-B2E8-690DED52E9EC}.Debug|Any CPU.Build.0 = Debug|Any CPU
		{E13949CA-CE40-453D-B2E8-690DED52E9EC}.Release|Any CPU.ActiveCfg = Release|Any CPU
		{E13949CA-CE40-453D-B2E8-690DED52E9EC}.Release|Any CPU.Build.0 = Release|Any CPU
		{C9DC8B23-51F5-454C-A69E-C8FB9547C3AD}.Debug|Any CPU.ActiveCfg = Debug|Any CPU
		{C9DC8B23-51F5-454C-A69E-C8FB9547C3AD}.Debug|Any CPU.Build.0 = Debug|Any CPU
		{C9DC8B23-51F5-454C-A69E-C8FB9547C3AD}.Release|Any CPU.ActiveCfg = Release|Any CPU
		{C9DC8B23-51F5-454C-A69E-C8FB9547C3AD}.Release|Any CPU.Build.0 = Release|Any CPU
		{8765DF18-7CC2-4F69-89DD-C191AA93C3B2}.Debug|Any CPU.ActiveCfg = Debug|Any CPU
		{8765DF18-7CC2-4F69-89DD-C191AA93C3B2}.Debug|Any CPU.Build.0 = Debug|Any CPU
		{8765DF18-7CC2-4F69-89DD-C191AA93C3B2}.Release|Any CPU.ActiveCfg = Release|Any CPU
		{8765DF18-7CC2-4F69-89DD-C191AA93C3B2}.Release|Any CPU.Build.0 = Release|Any CPU
		{C39D92D1-18D6-4A45-919C-7591D43F9F57}.Debug|Any CPU.ActiveCfg = Debug|Any CPU
		{C39D92D1-18D6-4A45-919C-7591D43F9F57}.Debug|Any CPU.Build.0 = Debug|Any CPU
		{C39D92D1-18D6-4A45-919C-7591D43F9F57}.Release|Any CPU.ActiveCfg = Release|Any CPU
		{C39D92D1-18D6-4A45-919C-7591D43F9F57}.Release|Any CPU.Build.0 = Release|Any CPU
		{A17A4C1C-27C4-4F12-8173-5461A5024F4B}.Debug|Any CPU.ActiveCfg = Debug|Any CPU
		{A17A4C1C-27C4-4F12-8173-5461A5024F4B}.Debug|Any CPU.Build.0 = Debug|Any CPU
		{A17A4C1C-27C4-4F12-8173-5461A5024F4B}.Release|Any CPU.ActiveCfg = Release|Any CPU
		{A17A4C1C-27C4-4F12-8173-5461A5024F4B}.Release|Any CPU.Build.0 = Release|Any CPU
	EndGlobalSection
	GlobalSection(SolutionProperties) = preSolution
		HideSolutionNode = FALSE
	EndGlobalSection
	GlobalSection(NestedProjects) = preSolution
		{61120161-CB61-463D-B840-8B76F6BA4DB4} = {0D932611-902A-4082-8180-B4C49025EAA4}
		{0EC94908-0C76-4B66-8581-74A97702468B} = {0D932611-902A-4082-8180-B4C49025EAA4}
		{19ECD659-1DD8-4605-93BC-CEAF4F5DE88C} = {0EC94908-0C76-4B66-8581-74A97702468B}
		{D653E5D6-5DA4-4F65-9089-7432AA814714} = {0EC94908-0C76-4B66-8581-74A97702468B}
		{B2E713F1-8C3B-445E-B313-95377C921390} = {0EC94908-0C76-4B66-8581-74A97702468B}
		{10BFEB23-9F83-497B-8E3E-A7945A4849C3} = {0EC94908-0C76-4B66-8581-74A97702468B}
		{4836AB3B-A0B2-423C-BF9A-BCEC862848BD} = {0D932611-902A-4082-8180-B4C49025EAA4}
		{7CE599F6-EB99-4A75-8801-CBEE545BF8BD} = {0D932611-902A-4082-8180-B4C49025EAA4}
		{B4996021-D08D-4F6D-A872-0162A94A332E} = {0D932611-902A-4082-8180-B4C49025EAA4}
		{E4B8E352-8BE6-4B63-AAD2-5D174A91EA81} = {0D932611-902A-4082-8180-B4C49025EAA4}
		{18034933-87AB-4187-AA4B-945176904DAC} = {E4B8E352-8BE6-4B63-AAD2-5D174A91EA81}
		{96476E1F-E2FA-4068-8935-19030747D41C} = {4836AB3B-A0B2-423C-BF9A-BCEC862848BD}
		{82E6055E-B8E9-4B0A-9E42-D38A664650AC} = {4836AB3B-A0B2-423C-BF9A-BCEC862848BD}
		{26D5B65E-C5A8-4596-AB9D-766F3A5A2DAA} = {4836AB3B-A0B2-423C-BF9A-BCEC862848BD}
		{AB57AA4B-0DE8-47A1-B3FF-81279D96D916} = {7CE599F6-EB99-4A75-8801-CBEE545BF8BD}
		{34EA8AD4-E809-4988-A809-FCC42D247A5F} = {B4996021-D08D-4F6D-A872-0162A94A332E}
		{6D7879B5-048E-4232-80EF-CAC47168081E} = {B4996021-D08D-4F6D-A872-0162A94A332E}
		{80779F5F-1855-4017-BC1B-F63540DA487E} = {0D932611-902A-4082-8180-B4C49025EAA4}
		{E79653A8-8E8F-43D6-A18B-F7988596FF6D} = {80779F5F-1855-4017-BC1B-F63540DA487E}
		{1D8C8D4A-1CB2-4333-848E-B919CACA1DDC} = {80779F5F-1855-4017-BC1B-F63540DA487E}
		{2375CE08-8840-400C-86E2-077381D4D269} = {0D932611-902A-4082-8180-B4C49025EAA4}
		{E13949CA-CE40-453D-B2E8-690DED52E9EC} = {2375CE08-8840-400C-86E2-077381D4D269}
		{C9DC8B23-51F5-454C-A69E-C8FB9547C3AD} = {2375CE08-8840-400C-86E2-077381D4D269}
		{8765DF18-7CC2-4F69-89DD-C191AA93C3B2} = {2375CE08-8840-400C-86E2-077381D4D269}
		{C39D92D1-18D6-4A45-919C-7591D43F9F57} = {2375CE08-8840-400C-86E2-077381D4D269}
		{A17A4C1C-27C4-4F12-8173-5461A5024F4B} = {80779F5F-1855-4017-BC1B-F63540DA487E}
	EndGlobalSection
	GlobalSection(ExtensibilityGlobals) = postSolution
		SolutionGuid = {8CC95B07-6C72-475D-9332-5EC60C981FED}
	EndGlobalSection
EndGlobal
